
Microsoft Visual Studio Solution File, Format Version 12.00
# Visual Studio Version 16
VisualStudioVersion = 16.0.31410.357
MinimumVisualStudioVersion = 10.0.40219.1
Project("{8BC9CEB8-8B4A-11D0-8D11-00A0C91BC942}") = "A组", "A组\A组.vcxproj", "{6E0EEEB6-A50C-474F-BE6B-7F1A418F4A31}"
EndProject
Global
	GlobalSection(SolutionConfigurationPlatforms) = preSolution
		Debug|x64 = Debug|x64
		Debug|x86 = Debug|x86
		Release|x64 = Release|x64
		Release|x86 = Release|x86
	EndGlobalSection
	GlobalSection(ProjectConfigurationPlatforms) = postSolution
		{6E0EEEB6-A50C-474F-BE6B-7F1A418F4A31}.Debug|x64.ActiveCfg = Debug|x64
		{6E0EEEB6-A50C-474F-BE6B-7F1A418F4A31}.Debug|x64.Build.0 = Debug|x64
		{6E0EEEB6-A50C-474F-BE6B-7F1A418F4A31}.Debug|x86.ActiveCfg = Debug|Win32
		{6E0EEEB6-A50C-474F-BE6B-7F1A418F4A31}.Debug|x86.Build.0 = Debug|Win32
		{6E0EEEB6-A50C-474F-BE6B-7F1A418F4A31}.Release|x64.ActiveCfg = Release|x64
		{6E0EEEB6-A50C-474F-BE6B-7F1A418F4A31}.Release|x64.Build.0 = Release|x64
		{6E0EEEB6-A50C-474F-BE6B-7F1A418F4A31}.Release|x86.ActiveCfg = Release|Win32
		{6E0EEEB6-A50C-474F-BE6B-7F1A418F4A31}.Release|x86.Build.0 = Release|Win32
	EndGlobalSection
	GlobalSection(SolutionProperties) = preSolution
		HideSolutionNode = FALSE
	EndGlobalSection
	GlobalSection(ExtensibilityGlobals) = postSolution
		SolutionGuid = {672B29F6-E5E8-4118-B516-E95184767709}
	EndGlobalSection
EndGlobal
