
Microsoft Visual Studio Solution File, Format Version 12.00
# Visual Studio Version 16
VisualStudioVersion = 16.0.31410.357
MinimumVisualStudioVersion = 10.0.40219.1
Project("{8BC9CEB8-8B4A-11D0-8D11-00A0C91BC942}") = "C组", "C组\C组.vcxproj", "{53A57C46-3A12-44A8-96BB-D797D99C1358}"
EndProject
Global
	GlobalSection(SolutionConfigurationPlatforms) = preSolution
		Debug|x64 = Debug|x64
		Debug|x86 = Debug|x86
		Release|x64 = Release|x64
		Release|x86 = Release|x86
	EndGlobalSection
	GlobalSection(ProjectConfigurationPlatforms) = postSolution
		{53A57C46-3A12-44A8-96BB-D797D99C1358}.Debug|x64.ActiveCfg = Debug|x64
		{53A57C46-3A12-44A8-96BB-D797D99C1358}.Debug|x64.Build.0 = Debug|x64
		{53A57C46-3A12-44A8-96BB-D797D99C1358}.Debug|x86.ActiveCfg = Debug|Win32
		{53A57C46-3A12-44A8-96BB-D797D99C1358}.Debug|x86.Build.0 = Debug|Win32
		{53A57C46-3A12-44A8-96BB-D797D99C1358}.Release|x64.ActiveCfg = Release|x64
		{53A57C46-3A12-44A8-96BB-D797D99C1358}.Release|x64.Build.0 = Release|x64
		{53A57C46-3A12-44A8-96BB-D797D99C1358}.Release|x86.ActiveCfg = Release|Win32
		{53A57C46-3A12-44A8-96BB-D797D99C1358}.Release|x86.Build.0 = Release|Win32
	EndGlobalSection
	GlobalSection(SolutionProperties) = preSolution
		HideSolutionNode = FALSE
	EndGlobalSection
	GlobalSection(ExtensibilityGlobals) = postSolution
		SolutionGuid = {D0CCDA7C-020E-43A3-B13E-7A7384196F19}
	EndGlobalSection
EndGlobal
